
Microsoft Visual Studio Solution File, Format Version 12.00
# Visual Studio Version 17
VisualStudioVersion = 17.14.36401.2
MinimumVisualStudioVersion = 10.0.40219.1
Project("{2150E333-8FDC-42A3-9474-1A3956D46DE8}") = "Shop", "Shop", "{02EA681E-C7D8-13C7-8484-4AC65E1B71E8}"
EndProject
Project("{FAE04EC0-301F-11D3-BF4B-00C04F79EFBC}") = "Shop.Domain", "Shop\Shop.Domain\Shop.Domain.csproj", "{B441E12D-1BF6-485F-9A4E-404640174310}"
EndProject
Project("{2150E333-8FDC-42A3-9474-1A3956D46DE8}") = "Common", "Common", "{46670620-26FC-4B78-82CC-B62D7DE8CC64}"
EndProject
Project("{FAE04EC0-301F-11D3-BF4B-00C04F79EFBC}") = "Common.Application", "Common\Common.Application\Common.Application.csproj", "{9494B86F-F08C-4F8B-AAD6-640A0EF028AF}"
EndProject
Project("{FAE04EC0-301F-11D3-BF4B-00C04F79EFBC}") = "Common.AspNetCore", "Common\Common.AspNetCore\Common.AspNetCore.csproj", "{8077F90F-CE5E-4697-A1DC-8F8F7FFD41AB}"
EndProject
Project("{FAE04EC0-301F-11D3-BF4B-00C04F79EFBC}") = "Common.Domain", "Common\Common.Domain\Common.Domain.csproj", "{FB17ACB6-AFF3-467F-9720-9BEA1CF58529}"
EndProject
Project("{FAE04EC0-301F-11D3-BF4B-00C04F79EFBC}") = "Common.Query", "Common\Common.Query\Common.Query.csproj", "{147A4CC1-5DFF-429A-8913-0AC2282CEB28}"
EndProject
Project("{FAE04EC0-301F-11D3-BF4B-00C04F79EFBC}") = "Common.ChckHelper", "Common\Common.ChckHelper\Common.ChckHelper.csproj", "{E8BD91E7-2722-493B-A86D-2766FEBFC42B}"
EndProject
Project("{FAE04EC0-301F-11D3-BF4B-00C04F79EFBC}") = "Shop.Application", "Shop\Shop.Application\Shop.Application.csproj", "{9F24A22E-CE17-4030-86CC-F74C32131ACD}"
EndProject
Project("{FAE04EC0-301F-11D3-BF4B-00C04F79EFBC}") = "Shop.Infrastucture", "Shop\Shop.Infrastucture\Shop.Infrastucture.csproj", "{26CD8BB8-77EB-4789-B758-B68D65B95E94}"
EndProject
Project("{2150E333-8FDC-42A3-9474-1A3956D46DE8}") = "EndPoints", "EndPoints", "{E0FD2A71-FF0E-4932-BEA6-3CA6A94B32CC}"
EndProject
Project("{FAE04EC0-301F-11D3-BF4B-00C04F79EFBC}") = "Shop.Api", "Shop\EndPoints\Shop.Api\Shop.Api.csproj", "{0861B555-AE10-498E-BE82-940FA5D7EC80}"
EndProject
Project("{FAE04EC0-301F-11D3-BF4B-00C04F79EFBC}") = "Shop.Config", "Shop\Shop.Config\Shop.Config.csproj", "{E3D762D8-6DFF-40D7-A429-662382682209}"
EndProject
Project("{FAE04EC0-301F-11D3-BF4B-00C04F79EFBC}") = "Shop.Query", "Shop\Shop.Query\Shop.Query.csproj", "{A47469DA-C5AA-43CE-9BDF-02A95CA0E069}"
EndProject
Global
	GlobalSection(SolutionConfigurationPlatforms) = preSolution
		Debug|Any CPU = Debug|Any CPU
		Release|Any CPU = Release|Any CPU
	EndGlobalSection
	GlobalSection(ProjectConfigurationPlatforms) = postSolution
		{B441E12D-1BF6-485F-9A4E-404640174310}.Debug|Any CPU.ActiveCfg = Debug|Any CPU
		{B441E12D-1BF6-485F-9A4E-404640174310}.Debug|Any CPU.Build.0 = Debug|Any CPU
		{B441E12D-1BF6-485F-9A4E-404640174310}.Release|Any CPU.ActiveCfg = Release|Any CPU
		{B441E12D-1BF6-485F-9A4E-404640174310}.Release|Any CPU.Build.0 = Release|Any CPU
		{9494B86F-F08C-4F8B-AAD6-640A0EF028AF}.Debug|Any CPU.ActiveCfg = Debug|Any CPU
		{9494B86F-F08C-4F8B-AAD6-640A0EF028AF}.Debug|Any CPU.Build.0 = Debug|Any CPU
		{9494B86F-F08C-4F8B-AAD6-640A0EF028AF}.Release|Any CPU.ActiveCfg = Release|Any CPU
		{9494B86F-F08C-4F8B-AAD6-640A0EF028AF}.Release|Any CPU.Build.0 = Release|Any CPU
		{8077F90F-CE5E-4697-A1DC-8F8F7FFD41AB}.Debug|Any CPU.ActiveCfg = Debug|Any CPU
		{8077F90F-CE5E-4697-A1DC-8F8F7FFD41AB}.Debug|Any CPU.Build.0 = Debug|Any CPU
		{8077F90F-CE5E-4697-A1DC-8F8F7FFD41AB}.Release|Any CPU.ActiveCfg = Release|Any CPU
		{8077F90F-CE5E-4697-A1DC-8F8F7FFD41AB}.Release|Any CPU.Build.0 = Release|Any CPU
		{FB17ACB6-AFF3-467F-9720-9BEA1CF58529}.Debug|Any CPU.ActiveCfg = Debug|Any CPU
		{FB17ACB6-AFF3-467F-9720-9BEA1CF58529}.Debug|Any CPU.Build.0 = Debug|Any CPU
		{FB17ACB6-AFF3-467F-9720-9BEA1CF58529}.Release|Any CPU.ActiveCfg = Release|Any CPU
		{FB17ACB6-AFF3-467F-9720-9BEA1CF58529}.Release|Any CPU.Build.0 = Release|Any CPU
		{147A4CC1-5DFF-429A-8913-0AC2282CEB28}.Debug|Any CPU.ActiveCfg = Debug|Any CPU
		{147A4CC1-5DFF-429A-8913-0AC2282CEB28}.Debug|Any CPU.Build.0 = Debug|Any CPU
		{147A4CC1-5DFF-429A-8913-0AC2282CEB28}.Release|Any CPU.ActiveCfg = Release|Any CPU
		{147A4CC1-5DFF-429A-8913-0AC2282CEB28}.Release|Any CPU.Build.0 = Release|Any CPU
		{E8BD91E7-2722-493B-A86D-2766FEBFC42B}.Debug|Any CPU.ActiveCfg = Debug|Any CPU
		{E8BD91E7-2722-493B-A86D-2766FEBFC42B}.Debug|Any CPU.Build.0 = Debug|Any CPU
		{E8BD91E7-2722-493B-A86D-2766FEBFC42B}.Release|Any CPU.ActiveCfg = Release|Any CPU
		{E8BD91E7-2722-493B-A86D-2766FEBFC42B}.Release|Any CPU.Build.0 = Release|Any CPU
		{9F24A22E-CE17-4030-86CC-F74C32131ACD}.Debug|Any CPU.ActiveCfg = Debug|Any CPU
		{9F24A22E-CE17-4030-86CC-F74C32131ACD}.Debug|Any CPU.Build.0 = Debug|Any CPU
		{9F24A22E-CE17-4030-86CC-F74C32131ACD}.Release|Any CPU.ActiveCfg = Release|Any CPU
		{9F24A22E-CE17-4030-86CC-F74C32131ACD}.Release|Any CPU.Build.0 = Release|Any CPU
		{26CD8BB8-77EB-4789-B758-B68D65B95E94}.Debug|Any CPU.ActiveCfg = Debug|Any CPU
		{26CD8BB8-77EB-4789-B758-B68D65B95E94}.Debug|Any CPU.Build.0 = Debug|Any CPU
		{26CD8BB8-77EB-4789-B758-B68D65B95E94}.Release|Any CPU.ActiveCfg = Release|Any CPU
		{26CD8BB8-77EB-4789-B758-B68D65B95E94}.Release|Any CPU.Build.0 = Release|Any CPU
		{0861B555-AE10-498E-BE82-940FA5D7EC80}.Debug|Any CPU.ActiveCfg = Debug|Any CPU
		{0861B555-AE10-498E-BE82-940FA5D7EC80}.Debug|Any CPU.Build.0 = Debug|Any CPU
		{0861B555-AE10-498E-BE82-940FA5D7EC80}.Release|Any CPU.ActiveCfg = Release|Any CPU
		{0861B555-AE10-498E-BE82-940FA5D7EC80}.Release|Any CPU.Build.0 = Release|Any CPU
		{E3D762D8-6DFF-40D7-A429-662382682209}.Debug|Any CPU.ActiveCfg = Debug|Any CPU
		{E3D762D8-6DFF-40D7-A429-662382682209}.Debug|Any CPU.Build.0 = Debug|Any CPU
		{E3D762D8-6DFF-40D7-A429-662382682209}.Release|Any CPU.ActiveCfg = Release|Any CPU
		{E3D762D8-6DFF-40D7-A429-662382682209}.Release|Any CPU.Build.0 = Release|Any CPU
		{A47469DA-C5AA-43CE-9BDF-02A95CA0E069}.Debug|Any CPU.ActiveCfg = Debug|Any CPU
		{A47469DA-C5AA-43CE-9BDF-02A95CA0E069}.Debug|Any CPU.Build.0 = Debug|Any CPU
		{A47469DA-C5AA-43CE-9BDF-02A95CA0E069}.Release|Any CPU.ActiveCfg = Release|Any CPU
		{A47469DA-C5AA-43CE-9BDF-02A95CA0E069}.Release|Any CPU.Build.0 = Release|Any CPU
	EndGlobalSection
	GlobalSection(SolutionProperties) = preSolution
		HideSolutionNode = FALSE
	EndGlobalSection
	GlobalSection(NestedProjects) = preSolution
		{B441E12D-1BF6-485F-9A4E-404640174310} = {02EA681E-C7D8-13C7-8484-4AC65E1B71E8}
		{9494B86F-F08C-4F8B-AAD6-640A0EF028AF} = {46670620-26FC-4B78-82CC-B62D7DE8CC64}
		{8077F90F-CE5E-4697-A1DC-8F8F7FFD41AB} = {46670620-26FC-4B78-82CC-B62D7DE8CC64}
		{FB17ACB6-AFF3-467F-9720-9BEA1CF58529} = {46670620-26FC-4B78-82CC-B62D7DE8CC64}
		{147A4CC1-5DFF-429A-8913-0AC2282CEB28} = {46670620-26FC-4B78-82CC-B62D7DE8CC64}
		{E8BD91E7-2722-493B-A86D-2766FEBFC42B} = {46670620-26FC-4B78-82CC-B62D7DE8CC64}
		{9F24A22E-CE17-4030-86CC-F74C32131ACD} = {02EA681E-C7D8-13C7-8484-4AC65E1B71E8}
		{26CD8BB8-77EB-4789-B758-B68D65B95E94} = {02EA681E-C7D8-13C7-8484-4AC65E1B71E8}
		{E0FD2A71-FF0E-4932-BEA6-3CA6A94B32CC} = {02EA681E-C7D8-13C7-8484-4AC65E1B71E8}
		{0861B555-AE10-498E-BE82-940FA5D7EC80} = {E0FD2A71-FF0E-4932-BEA6-3CA6A94B32CC}
		{E3D762D8-6DFF-40D7-A429-662382682209} = {02EA681E-C7D8-13C7-8484-4AC65E1B71E8}
		{A47469DA-C5AA-43CE-9BDF-02A95CA0E069} = {02EA681E-C7D8-13C7-8484-4AC65E1B71E8}
	EndGlobalSection
	GlobalSection(ExtensibilityGlobals) = postSolution
		SolutionGuid = {02CCA5E7-0E2E-4918-8453-FD37A3B6A9F1}
	EndGlobalSection
EndGlobal
